<?xml version="1.0" encoding="utf-8"?>
<Project ToolsVersion="4.0" xmlns="http://schemas.microsoft.com/developer/msbuild/2003">
  <ItemGroup>
    <ClCompile Include="ButtonManager.cpp" />
    <ClCompile Include="Main.cpp" />
    <ClCompile Include="GameWorld.cpp">
      <Filter>Game World</Filter>
    </ClCompile>
    <ClCompile Include="WorldZone.cpp">
      <Filter>Game World</Filter>
    </ClCompile>
    <ClCompile Include="TileMap.cpp">
      <Filter>Game World</Filter>
    </ClCompile>
    <ClCompile Include="Game.cpp">
      <Filter>Engine</Filter>
    </ClCompile>
    <ClCompile Include="TextureBank.cpp">
      <Filter>Engine\gfx</Filter>
    </ClCompile>
    <ClCompile Include="Renderer.cpp">
      <Filter>Engine</Filter>
    </ClCompile>
    <ClCompile Include="TilesetBank.cpp">
      <Filter>Engine\gfx</Filter>
    </ClCompile>
    <ClCompile Include="InputManager.cpp">
      <Filter>Engine\Utility</Filter>
    </ClCompile>
    <ClCompile Include="GameEventMaster.cpp">
      <Filter>Game Systems</Filter>
    </ClCompile>
    <ClCompile Include="GameCalendar.cpp">
      <Filter>Game Systems</Filter>
    </ClCompile>
    <ClCompile Include="GameClock.cpp">
      <Filter>Game Systems</Filter>
    </ClCompile>
    <ClCompile Include="Item.cpp">
      <Filter>Game Objects\Items</Filter>
    </ClCompile>
    <ClCompile Include="ItemBank.cpp">
      <Filter>Game Objects\Items</Filter>
    </ClCompile>
    <ClCompile Include="Axe.cpp">
      <Filter>Game Objects\Items\Tools</Filter>
    </ClCompile>
    <ClCompile Include="Pickaxe.cpp">
      <Filter>Game Objects\Items\Tools</Filter>
    </ClCompile>
    <ClCompile Include="Shovel.cpp">
      <Filter>Game Objects\Items\Tools</Filter>
    </ClCompile>
    <ClCompile Include="ToolBank.cpp">
      <Filter>Game Objects\Items\Tools</Filter>
    </ClCompile>
    <ClCompile Include="Tileset.cpp">
      <Filter>Engine\gfx</Filter>
    </ClCompile>
    <ClCompile Include="Inventory.cpp">
      <Filter>Game Objects\Character\Player</Filter>
    </ClCompile>
    <ClCompile Include="Avatar.cpp">
      <Filter>Game Objects\Character</Filter>
    </ClCompile>
    <ClCompile Include="AvatarCollection.cpp">
      <Filter>Game Objects\Character</Filter>
    </ClCompile>
    <ClCompile Include="Player.cpp">
      <Filter>Game Objects\Character\Player</Filter>
    </ClCompile>
    <ClCompile Include="WindowEventHandler.cpp">
      <Filter>Engine</Filter>
    </ClCompile>
    <ClCompile Include="Serializable.cpp">
      <Filter>Engine\File Hanlding</Filter>
    </ClCompile>
    <ClCompile Include="TileSelector.cpp">
      <Filter>Tools</Filter>
    </ClCompile>
    <ClCompile Include="UIButton.cpp">
      <Filter>Tools</Filter>
    </ClCompile>
    <ClCompile Include="WorldEditor.cpp">
      <Filter>Tools</Filter>
    </ClCompile>
    <ClCompile Include="StatusBar.cpp">
      <Filter>Game Systems</Filter>
    </ClCompile>
    <ClCompile Include="Tool.cpp" />
    <ClCompile Include="InteractableItem.cpp" />
    <ClCompile Include="Bed.cpp">
      <Filter>Game World\Interactable Items</Filter>
    </ClCompile>
  </ItemGroup>
  <ItemGroup>
    <ClInclude Include="ButtonManager.h" />
    <ClInclude Include="GameWorld.h">
      <Filter>Game World</Filter>
    </ClInclude>
    <ClInclude Include="WorldZone.h">
      <Filter>Game World</Filter>
    </ClInclude>
    <ClInclude Include="TileMap.h">
      <Filter>Game World</Filter>
    </ClInclude>
    <ClInclude Include="TileData.h">
      <Filter>Game World</Filter>
    </ClInclude>
    <ClInclude Include="Game.h">
      <Filter>Engine</Filter>
    </ClInclude>
    <ClInclude Include="KeyCodes.h">
      <Filter>Engine</Filter>
    </ClInclude>
    <ClInclude Include="TextureBank.h">
      <Filter>Engine\gfx</Filter>
    </ClInclude>
    <ClInclude Include="Renderer.h">
      <Filter>Engine</Filter>
    </ClInclude>
    <ClInclude Include="TilesetBank.h">
      <Filter>Engine\gfx</Filter>
    </ClInclude>
    <ClInclude Include="InputManager.h">
      <Filter>Engine\Utility</Filter>
    </ClInclude>
    <ClInclude Include="Math.h">
      <Filter>Engine\Utility</Filter>
    </ClInclude>
    <ClInclude Include="GameEventMaster.h">
      <Filter>Game Systems</Filter>
    </ClInclude>
    <ClInclude Include="GameCalendar.h">
      <Filter>Game Systems</Filter>
    </ClInclude>
    <ClInclude Include="GameClock.h">
      <Filter>Game Systems</Filter>
    </ClInclude>
    <ClInclude Include="Item.h">
      <Filter>Game Objects\Items</Filter>
    </ClInclude>
    <ClInclude Include="ItemBank.h">
      <Filter>Game Objects\Items</Filter>
    </ClInclude>
    <ClInclude Include="Axe.h">
      <Filter>Game Objects\Items\Tools</Filter>
    </ClInclude>
    <ClInclude Include="Pickaxe.h">
      <Filter>Game Objects\Items\Tools</Filter>
    </ClInclude>
    <ClInclude Include="Shovel.h">
      <Filter>Game Objects\Items\Tools</Filter>
    </ClInclude>
    <ClInclude Include="ToolBank.h">
      <Filter>Game Objects\Items\Tools</Filter>
    </ClInclude>
    <ClInclude Include="Tool.h">
      <Filter>Game Objects\Items\Tools</Filter>
    </ClInclude>
    <ClInclude Include="Tileset.h">
      <Filter>Engine\gfx</Filter>
    </ClInclude>
    <ClInclude Include="Inventory.h">
      <Filter>Game Objects\Character\Player</Filter>
    </ClInclude>
    <ClInclude Include="Avatar.h">
      <Filter>Game Objects\Character</Filter>
    </ClInclude>
    <ClInclude Include="AvatarCollection.h">
      <Filter>Game Objects\Character</Filter>
    </ClInclude>
    <ClInclude Include="Useable.h">
      <Filter>Game Objects\Items</Filter>
    </ClInclude>
    <ClInclude Include="Player.h">
      <Filter>Game Objects\Character\Player</Filter>
    </ClInclude>
    <ClInclude Include="WindowEventHandler.h">
      <Filter>Engine</Filter>
    </ClInclude>
    <ClInclude Include="Serializable.h">
      <Filter>Engine\File Hanlding</Filter>
    </ClInclude>
    <ClInclude Include="TileInteraction.h">
      <Filter>Tools</Filter>
    </ClInclude>
    <ClInclude Include="TileSelector.h">
      <Filter>Tools</Filter>
    </ClInclude>
    <ClInclude Include="UIButton.h">
      <Filter>Tools</Filter>
    </ClInclude>
    <ClInclude Include="WorldEditor.h">
      <Filter>Tools</Filter>
    </ClInclude>
    <ClInclude Include="Animation.h">
      <Filter>Engine\gfx</Filter>
    </ClInclude>
    <ClInclude Include="StatusBar.h">
      <Filter>Game Systems</Filter>
    </ClInclude>
    <ClInclude Include="InteractableItem.h">
      <Filter>Game World\Interactable Items</Filter>
    </ClInclude>
    <ClInclude Include="Bed.h">
      <Filter>Game World\Interactable Items</Filter>
    </ClInclude>
  </ItemGroup>
  <ItemGroup>
    <Filter Include="Game World">
      <UniqueIdentifier>{b0256459-0430-4007-bd1e-5ba1e7dcf469}</UniqueIdentifier>
    </Filter>
    <Filter Include="Engine">
      <UniqueIdentifier>{3667e11c-8ccd-4eb8-b30f-205dab0237a5}</UniqueIdentifier>
    </Filter>
    <Filter Include="Engine\gfx">
      <UniqueIdentifier>{c1bdf47e-588b-4ea3-b087-6292757d96cc}</UniqueIdentifier>
    </Filter>
    <Filter Include="Engine\Utility">
      <UniqueIdentifier>{8484d479-20cb-4b3f-9ed3-6dae6c8f1b3a}</UniqueIdentifier>
    </Filter>
    <Filter Include="Game Systems">
      <UniqueIdentifier>{9501a637-df99-4d3a-9763-a38c392e480e}</UniqueIdentifier>
    </Filter>
    <Filter Include="Game Objects">
      <UniqueIdentifier>{63ac83ff-e1fa-44e3-afc8-7d3b614de552}</UniqueIdentifier>
    </Filter>
    <Filter Include="Game Objects\Character">
      <UniqueIdentifier>{0058611d-c0db-43ba-9318-a55ce30272cc}</UniqueIdentifier>
    </Filter>
    <Filter Include="Game Objects\Character\Player">
      <UniqueIdentifier>{11159eae-bb21-4085-bbd9-3cf9d731bdbc}</UniqueIdentifier>
    </Filter>
    <Filter Include="Game Objects\Items">
      <UniqueIdentifier>{55f5341d-2254-4513-bcc3-f4620ea05745}</UniqueIdentifier>
    </Filter>
    <Filter Include="Game Objects\Items\Tools">
      <UniqueIdentifier>{54c319f2-d3b2-4b79-8f1b-213ec430e36e}</UniqueIdentifier>
    </Filter>
    <Filter Include="Engine\File Hanlding">
      <UniqueIdentifier>{323fb1dc-375a-4bad-bc5b-b5715d637e2e}</UniqueIdentifier>
    </Filter>
    <Filter Include="Tools">
      <UniqueIdentifier>{88b84f3b-d3f3-44fe-94a8-4060f7f4260d}</UniqueIdentifier>
    </Filter>
    <Filter Include="Game World\Interactable Items">
      <UniqueIdentifier>{1c1e5631-ba3f-4309-a524-b7a496bd208e}</UniqueIdentifier>
    </Filter>
  </ItemGroup>
</Project>