<?xml version="1.0" encoding="utf-8"?>
<Project ToolsVersion="4.0" xmlns="http://schemas.microsoft.com/developer/msbuild/2003">
  <ItemGroup>
    <ClCompile Include="Main.cpp" />
    <ClCompile Include="Game.cpp" />
    <ClCompile Include="Renderer.cpp" />
    <ClCompile Include="WorldZone.cpp">
      <Filter>Game World</Filter>
    </ClCompile>
    <ClCompile Include="GameWorld.cpp">
      <Filter>Game World</Filter>
    </ClCompile>
    <ClCompile Include="TileMap.cpp">
      <Filter>Game World</Filter>
    </ClCompile>
    <ClCompile Include="TextureBank.cpp" />
    <ClCompile Include="Avatar.cpp">
      <Filter>Character</Filter>
    </ClCompile>
    <ClCompile Include="WindowEventHandler.cpp" />
    <ClCompile Include="WorldEditor.cpp">
      <Filter>Game World\Tileset &amp; Map</Filter>
    </ClCompile>
    <ClCompile Include="TilesetBank.cpp">
      <Filter>Game World\Tileset &amp; Map</Filter>
    </ClCompile>
    <ClCompile Include="Tileset.cpp">
      <Filter>Game World\Tileset &amp; Map</Filter>
    </ClCompile>
    <ClCompile Include="InputManager.cpp">
      <Filter>Utility</Filter>
    </ClCompile>
    <ClCompile Include="Serializable.cpp">
      <Filter>Utility</Filter>
    </ClCompile>
    <ClCompile Include="AvatarCollection.cpp">
      <Filter>Character</Filter>
    </ClCompile>
    <ClCompile Include="GameClock.cpp">
      <Filter>Game World\Time</Filter>
    </ClCompile>
    <ClCompile Include="GameCalendar.cpp">
      <Filter>Game World\Time</Filter>
    </ClCompile>
    <ClCompile Include="UIButton.cpp" />
    <ClCompile Include="ButtonManager.cpp" />
    <ClCompile Include="Player.cpp">
      <Filter>Character\Player</Filter>
    </ClCompile>
    <ClCompile Include="TileSelector.cpp" />
    <ClCompile Include="Inventory.cpp">
      <Filter>Character\Player</Filter>
    </ClCompile>
    <ClCompile Include="Item.cpp">
      <Filter>Items</Filter>
    </ClCompile>
    <ClCompile Include="ItemBank.cpp">
      <Filter>Items</Filter>
    </ClCompile>
    <ClCompile Include="ToolBank.cpp">
      <Filter>Items\Tools</Filter>
    </ClCompile>
    <ClCompile Include="Shovel.cpp">
      <Filter>Items\Tools</Filter>
    </ClCompile>
    <ClCompile Include="Axe.cpp">
      <Filter>Items\Tools</Filter>
    </ClCompile>
    <ClCompile Include="Pickaxe.cpp">
      <Filter>Items\Tools</Filter>
    </ClCompile>
  </ItemGroup>
  <ItemGroup>
    <ClInclude Include="Game.h" />
    <ClInclude Include="Renderer.h" />
    <ClInclude Include="GameWorld.h">
      <Filter>Game World</Filter>
    </ClInclude>
    <ClInclude Include="TileMap.h">
      <Filter>Game World</Filter>
    </ClInclude>
    <ClInclude Include="WorldZone.h">
      <Filter>Game World</Filter>
    </ClInclude>
    <ClInclude Include="TextureBank.h" />
    <ClInclude Include="TileInteraction.h">
      <Filter>Game World</Filter>
    </ClInclude>
    <ClInclude Include="Player.h">
      <Filter>Character\Player</Filter>
    </ClInclude>
    <ClInclude Include="Avatar.h">
      <Filter>Character</Filter>
    </ClInclude>
    <ClInclude Include="TileData.h">
      <Filter>Game World</Filter>
    </ClInclude>
    <ClInclude Include="AvatarCollection.h">
      <Filter>Character</Filter>
    </ClInclude>
    <ClInclude Include="WindowEventHandler.h" />
    <ClInclude Include="WorldEditor.h">
      <Filter>Game World\Tileset &amp; Map</Filter>
    </ClInclude>
    <ClInclude Include="TilesetBank.h">
      <Filter>Game World\Tileset &amp; Map</Filter>
    </ClInclude>
    <ClInclude Include="Tileset.h">
      <Filter>Game World\Tileset &amp; Map</Filter>
    </ClInclude>
    <ClInclude Include="KeyCodes.h">
      <Filter>Utility</Filter>
    </ClInclude>
    <ClInclude Include="InputManager.h">
      <Filter>Utility</Filter>
    </ClInclude>
    <ClInclude Include="Serializable.h">
      <Filter>Utility</Filter>
    </ClInclude>
    <ClInclude Include="GameCalendar.h">
      <Filter>Game World\Time</Filter>
    </ClInclude>
    <ClInclude Include="GameClock.h">
      <Filter>Game World\Time</Filter>
    </ClInclude>
    <ClInclude Include="UIButton.h" />
    <ClInclude Include="ButtonManager.h" />
    <ClInclude Include="Animation.h">
      <Filter>Graphics</Filter>
    </ClInclude>
    <ClInclude Include="TileSelector.h" />
    <ClInclude Include="Inventory.h">
      <Filter>Character\Player</Filter>
    </ClInclude>
    <ClInclude Include="Item.h">
      <Filter>Items</Filter>
    </ClInclude>
    <ClInclude Include="ItemBank.h">
      <Filter>Items</Filter>
    </ClInclude>
    <ClInclude Include="Useable.h">
      <Filter>Items</Filter>
    </ClInclude>
    <ClInclude Include="Tool.h">
      <Filter>Items\Tools</Filter>
    </ClInclude>
    <ClInclude Include="Shovel.h">
      <Filter>Items\Tools</Filter>
    </ClInclude>
    <ClInclude Include="ToolBank.h">
      <Filter>Items\Tools</Filter>
    </ClInclude>
    <ClInclude Include="Axe.h">
      <Filter>Items\Tools</Filter>
    </ClInclude>
    <ClInclude Include="Pickaxe.h">
      <Filter>Items\Tools</Filter>
    </ClInclude>
  </ItemGroup>
  <ItemGroup>
    <Filter Include="Game World">
      <UniqueIdentifier>{92bc2ea6-1379-4373-ac6c-88ee2477a736}</UniqueIdentifier>
    </Filter>
    <Filter Include="Character">
      <UniqueIdentifier>{61f33282-8b8a-4f13-845e-f711752f6982}</UniqueIdentifier>
    </Filter>
    <Filter Include="Character\Player">
      <UniqueIdentifier>{62137775-fb7c-4807-86d0-687ec6c14e74}</UniqueIdentifier>
    </Filter>
    <Filter Include="Game World\Tileset &amp; Map">
      <UniqueIdentifier>{070aef58-b0b4-49d8-a7a2-314771e12413}</UniqueIdentifier>
    </Filter>
    <Filter Include="Utility">
      <UniqueIdentifier>{db7d5ff2-6ae5-4b8c-992d-04572161e66f}</UniqueIdentifier>
    </Filter>
    <Filter Include="Game World\Time">
      <UniqueIdentifier>{129ae4a3-cf08-4b8a-a690-95d49475bb71}</UniqueIdentifier>
    </Filter>
    <Filter Include="Graphics">
      <UniqueIdentifier>{333a8296-7aed-45f2-a4f9-a30f7fe2d0ae}</UniqueIdentifier>
    </Filter>
    <Filter Include="Items">
      <UniqueIdentifier>{15a28afc-c12c-4a7e-aac2-9978e56893a9}</UniqueIdentifier>
    </Filter>
    <Filter Include="Items\Tools">
      <UniqueIdentifier>{02c12c52-58bf-4877-99a8-f44ec782d136}</UniqueIdentifier>
    </Filter>
  </ItemGroup>
</Project>